
Microsoft Visual Studio Solution File, Format Version 12.00
# Visual Studio Version 17
VisualStudioVersion = 17.13.35825.156 d17.13
MinimumVisualStudioVersion = 10.0.40219.1
Project("{D2ABAB84-BF74-430A-B69E-9DC6D40DDA17}") = "dmd_desafio2_olap", "dmd_desafio2_olap.dwproj", "{27B4031E-FE20-8DC2-1DBF-30D55AC41845}"
EndProject
Global
	GlobalSection(SolutionConfigurationPlatforms) = preSolution
		Development|Default = Development|Default
	EndGlobalSection
	GlobalSection(ProjectConfigurationPlatforms) = postSolution
		{27B4031E-FE20-8DC2-1DBF-30D55AC41845}.Development|Default.ActiveCfg = Development
		{27B4031E-FE20-8DC2-1DBF-30D55AC41845}.Development|Default.Build.0 = Development
		{27B4031E-FE20-8DC2-1DBF-30D55AC41845}.Development|Default.Deploy.0 = Development
	EndGlobalSection
	GlobalSection(SolutionProperties) = preSolution
		HideSolutionNode = FALSE
	EndGlobalSection
	GlobalSection(ExtensibilityGlobals) = postSolution
		SolutionGuid = {5A362A50-E372-4A31-B636-E82331C40EDE}
	EndGlobalSection
EndGlobal
