
Microsoft Visual Studio Solution File, Format Version 12.00
# Visual Studio Version 17
VisualStudioVersion = 17.13.35825.156 d17.13
MinimumVisualStudioVersion = 10.0.40219.1
Project("{C9674DCB-5085-4A16-B785-4C70DD1589BD}") = "etl_desafio2", "etl_desafio2.dtproj", "{CFE452FA-3707-3DF4-37F4-13011C8CC27D}"
EndProject
Global
	GlobalSection(SolutionConfigurationPlatforms) = preSolution
		Development|Default = Development|Default
	EndGlobalSection
	GlobalSection(ProjectConfigurationPlatforms) = postSolution
		{CFE452FA-3707-3DF4-37F4-13011C8CC27D}.Development|Default.ActiveCfg = Development
		{CFE452FA-3707-3DF4-37F4-13011C8CC27D}.Development|Default.Build.0 = Development
	EndGlobalSection
	GlobalSection(SolutionProperties) = preSolution
		HideSolutionNode = FALSE
	EndGlobalSection
	GlobalSection(ExtensibilityGlobals) = postSolution
		SolutionGuid = {444711FD-69E3-43DC-A321-70B7AD488646}
	EndGlobalSection
EndGlobal
